
Microsoft Visual Studio Solution File, Format Version 12.00
# Visual Studio Version 17
VisualStudioVersion = 17.7.34018.315
MinimumVisualStudioVersion = 10.0.40219.1
Project("{FAE04EC0-301F-11D3-BF4B-00C04F79EFBC}") = "Grafik-Halaman Validasi SKPI-Halaman Data", "Grafik-Halaman Validasi SKPI-Halaman Data\Grafik-Halaman Validasi SKPI-Halaman Data.csproj", "{4DDBE056-1D58-421E-95C4-9BC5D4DC490C}"
EndProject
Global
	GlobalSection(SolutionConfigurationPlatforms) = preSolution
		Debug|Any CPU = Debug|Any CPU
		Release|Any CPU = Release|Any CPU
	EndGlobalSection
	GlobalSection(ProjectConfigurationPlatforms) = postSolution
		{4DDBE056-1D58-421E-95C4-9BC5D4DC490C}.Debug|Any CPU.ActiveCfg = Debug|Any CPU
		{4DDBE056-1D58-421E-95C4-9BC5D4DC490C}.Debug|Any CPU.Build.0 = Debug|Any CPU
		{4DDBE056-1D58-421E-95C4-9BC5D4DC490C}.Release|Any CPU.ActiveCfg = Release|Any CPU
		{4DDBE056-1D58-421E-95C4-9BC5D4DC490C}.Release|Any CPU.Build.0 = Release|Any CPU
	EndGlobalSection
	GlobalSection(SolutionProperties) = preSolution
		HideSolutionNode = FALSE
	EndGlobalSection
	GlobalSection(ExtensibilityGlobals) = postSolution
		SolutionGuid = {5201E071-E76A-4050-A87E-E1D77118A16C}
	EndGlobalSection
EndGlobal
